version = 1
revision = 2
requires-python = ">=3.10"

[[package]]
name = "arxiv2title"
version = "0.1.0"
source = { editable = "." }
dependencies = [
    { name = "pymupdf" },
]

[package.metadata]
requires-dist = [{ name = "pymupdf" }]

[[package]]
name = "pymupdf"
version = "1.26.4"
source = { registry = "https://pypi.tuna.tsinghua.edu.cn/simple" }
sdist = { url = "https://pypi.tuna.tsinghua.edu.cn/packages/90/35/031556dfc0d332d8e9ed9b61ca105138606d3f8971b9eb02e20118629334/pymupdf-1.26.4.tar.gz", hash = "sha256:be13a066d42bfaed343a488168656637c4d9843ddc63b768dc827c9dfc6b9989", size = 83077563, upload-time = "2025-08-25T14:20:29.499Z" }
wheels = [
    { url = "https://pypi.tuna.tsinghua.edu.cn/packages/27/ae/3be722886cc7be2093585cd94f466db1199133ab005645a7a567b249560f/pymupdf-1.26.4-cp39-abi3-macosx_10_9_x86_64.whl", hash = "sha256:cb95562a0a63ce906fd788bdad5239063b63068cf4a991684f43acb09052cb99", size = 23061974, upload-time = "2025-08-25T14:16:58.811Z" },
    { url = "https://pypi.tuna.tsinghua.edu.cn/packages/fc/b0/9a451d837e1fe18ecdbfbc34a6499f153c8a008763229cc634725383a93f/pymupdf-1.26.4-cp39-abi3-macosx_11_0_arm64.whl", hash = "sha256:67e9e6b45832c33726651c2a031e9a20108fd9e759140b9e843f934de813a7ff", size = 22410112, upload-time = "2025-08-25T14:17:24.511Z" },
    { url = "https://pypi.tuna.tsinghua.edu.cn/packages/d8/13/0916e8e02cb5453161fb9d9167c747d0a20d58633e30728645374153f815/pymupdf-1.26.4-cp39-abi3-manylinux_2_28_aarch64.whl", hash = "sha256:2604f687dd02b6a1b98c81bd8becfc0024899a2d2085adfe3f9e91607721fd22", size = 23454948, upload-time = "2025-08-25T21:20:07.71Z" },
    { url = "https://pypi.tuna.tsinghua.edu.cn/packages/4e/c6/d3cfafc75d383603884edeabe4821a549345df954a88d79e6764e2c87601/pymupdf-1.26.4-cp39-abi3-manylinux_2_28_x86_64.whl", hash = "sha256:973a6dda61ebd34040e4df3753bf004b669017663fbbfdaa294d44eceba98de0", size = 24060686, upload-time = "2025-08-25T14:17:56.536Z" },
    { url = "https://pypi.tuna.tsinghua.edu.cn/packages/72/08/035e9d22c801e801bba50c6745bc90ba8696a042fe2c68793e28bf0c3b07/pymupdf-1.26.4-cp39-abi3-musllinux_1_2_x86_64.whl", hash = "sha256:299a49797df5b558e695647fa791329ba3911cbbb31ed65f24a6266c118ef1a7", size = 24265046, upload-time = "2025-08-25T14:18:21.238Z" },
    { url = "https://pypi.tuna.tsinghua.edu.cn/packages/28/8c/c201e4846ec0fb6ae5d52aa3a5d66f9355f0c69fb94230265714df0de65e/pymupdf-1.26.4-cp39-abi3-win32.whl", hash = "sha256:51b38379aad8c71bd7a8dd24d93fbe7580c2a5d9d7e1f9cd29ebbba315aa1bd1", size = 17127332, upload-time = "2025-08-25T14:18:39.132Z" },
    { url = "https://pypi.tuna.tsinghua.edu.cn/packages/d1/c4/87d27b108c2f6d773aa5183c5ae367b2a99296ea4bc16eb79f453c679e30/pymupdf-1.26.4-cp39-abi3-win_amd64.whl", hash = "sha256:0b6345a93a9afd28de2567e433055e873205c52e6b920b129ca50e836a3aeec6", size = 18743491, upload-time = "2025-08-25T14:19:01.104Z" },
]
